
Microsoft Visual Studio Solution File, Format Version 12.00
# Visual Studio Version 17
VisualStudioVersion = 17.4.33110.190
MinimumVisualStudioVersion = 10.0.40219.1
Project("{FAE04EC0-301F-11D3-BF4B-00C04F79EFBC}") = "IssueTracker", "IssueTracker\IssueTracker.csproj", "{9F183A3F-8E17-48D4-9964-7DC48809BD99}"
EndProject
Project("{FAE04EC0-301F-11D3-BF4B-00C04F79EFBC}") = "UnitTestProject", "UnitTestProject\UnitTestProject.csproj", "{D38DBAD2-B8EF-4C46-96F6-21908FD6CCDB}"
EndProject
Global
	GlobalSection(SolutionConfigurationPlatforms) = preSolution
		Debug|Any CPU = Debug|Any CPU
		Release|Any CPU = Release|Any CPU
	EndGlobalSection
	GlobalSection(ProjectConfigurationPlatforms) = postSolution
		{9F183A3F-8E17-48D4-9964-7DC48809BD99}.Debug|Any CPU.ActiveCfg = Debug|Any CPU
		{9F183A3F-8E17-48D4-9964-7DC48809BD99}.Debug|Any CPU.Build.0 = Debug|Any CPU
		{9F183A3F-8E17-48D4-9964-7DC48809BD99}.Release|Any CPU.ActiveCfg = Release|Any CPU
		{9F183A3F-8E17-48D4-9964-7DC48809BD99}.Release|Any CPU.Build.0 = Release|Any CPU
		{D38DBAD2-B8EF-4C46-96F6-21908FD6CCDB}.Debug|Any CPU.ActiveCfg = Debug|Any CPU
		{D38DBAD2-B8EF-4C46-96F6-21908FD6CCDB}.Debug|Any CPU.Build.0 = Debug|Any CPU
		{D38DBAD2-B8EF-4C46-96F6-21908FD6CCDB}.Release|Any CPU.ActiveCfg = Release|Any CPU
		{D38DBAD2-B8EF-4C46-96F6-21908FD6CCDB}.Release|Any CPU.Build.0 = Release|Any CPU
	EndGlobalSection
	GlobalSection(SolutionProperties) = preSolution
		HideSolutionNode = FALSE
	EndGlobalSection
	GlobalSection(ExtensibilityGlobals) = postSolution
		SolutionGuid = {57B95853-A9FB-4280-90F1-27F419C410C0}
	EndGlobalSection
EndGlobal
